
Microsoft Visual Studio Solution File, Format Version 12.00
# Visual Studio Version 16
VisualStudioVersion = 16.0.30011.22
MinimumVisualStudioVersion = 10.0.40219.1
Project("{FAE04EC0-301F-11D3-BF4B-00C04F79EFBC}") = "AccountingMotorVehicles", "AccountingMotorVehicles\AccountingMotorVehicles.csproj", "{EE4EB13B-2309-40DD-BC30-F77AB21635CC}"
EndProject
Global
	GlobalSection(SolutionConfigurationPlatforms) = preSolution
		Debug|Any CPU = Debug|Any CPU
		Release|Any CPU = Release|Any CPU
	EndGlobalSection
	GlobalSection(ProjectConfigurationPlatforms) = postSolution
		{EE4EB13B-2309-40DD-BC30-F77AB21635CC}.Debug|Any CPU.ActiveCfg = Debug|Any CPU
		{EE4EB13B-2309-40DD-BC30-F77AB21635CC}.Debug|Any CPU.Build.0 = Debug|Any CPU
		{EE4EB13B-2309-40DD-BC30-F77AB21635CC}.Release|Any CPU.ActiveCfg = Release|Any CPU
		{EE4EB13B-2309-40DD-BC30-F77AB21635CC}.Release|Any CPU.Build.0 = Release|Any CPU
	EndGlobalSection
	GlobalSection(SolutionProperties) = preSolution
		HideSolutionNode = FALSE
	EndGlobalSection
	GlobalSection(ExtensibilityGlobals) = postSolution
		SolutionGuid = {B4845861-EF45-4F1D-8DAC-6E317D157F53}
	EndGlobalSection
EndGlobal
